
Microsoft Visual Studio Solution File, Format Version 12.00
# Visual Studio 14
VisualStudioVersion = 14.0.25420.1
MinimumVisualStudioVersion = 10.0.40219.1
Project("{8BC9CEB8-8B4A-11D0-8D11-00A0C91BC942}") = "ASBA", "ASBA\ASBA.vcxproj", "{AA6B2729-CBD4-4CC5-8967-6791C6B65BB5}"
EndProject
Project("{8BC9CEB8-8B4A-11D0-8D11-00A0C91BC942}") = "Input", "Input\Input.vcxproj", "{45C2F564-4DD1-42F9-AB2F-A6E49034B31F}"
EndProject
Project("{8BC9CEB8-8B4A-11D0-8D11-00A0C91BC942}") = "Output", "Output\Output.vcxproj", "{2F1E5312-69BA-4F93-9D26-F9FF387B9ACA}"
EndProject
Project("{8BC9CEB8-8B4A-11D0-8D11-00A0C91BC942}") = "Check", "Check\Check.vcxproj", "{78459399-75E2-408D-9BFF-FE61C5AD2FF0}"
EndProject
Global
	GlobalSection(SolutionConfigurationPlatforms) = preSolution
		Debug|x64 = Debug|x64
		Debug|x86 = Debug|x86
		Release|x64 = Release|x64
		Release|x86 = Release|x86
	EndGlobalSection
	GlobalSection(ProjectConfigurationPlatforms) = postSolution
		{AA6B2729-CBD4-4CC5-8967-6791C6B65BB5}.Debug|x64.ActiveCfg = Debug|x64
		{AA6B2729-CBD4-4CC5-8967-6791C6B65BB5}.Debug|x64.Build.0 = Debug|x64
		{AA6B2729-CBD4-4CC5-8967-6791C6B65BB5}.Debug|x64.Deploy.0 = Debug|x64
		{AA6B2729-CBD4-4CC5-8967-6791C6B65BB5}.Debug|x86.ActiveCfg = Debug|Win32
		{AA6B2729-CBD4-4CC5-8967-6791C6B65BB5}.Debug|x86.Build.0 = Debug|Win32
		{AA6B2729-CBD4-4CC5-8967-6791C6B65BB5}.Release|x64.ActiveCfg = Release|x64
		{AA6B2729-CBD4-4CC5-8967-6791C6B65BB5}.Release|x64.Build.0 = Release|x64
		{AA6B2729-CBD4-4CC5-8967-6791C6B65BB5}.Release|x86.ActiveCfg = Release|Win32
		{AA6B2729-CBD4-4CC5-8967-6791C6B65BB5}.Release|x86.Build.0 = Release|Win32
		{45C2F564-4DD1-42F9-AB2F-A6E49034B31F}.Debug|x64.ActiveCfg = Debug|x64
		{45C2F564-4DD1-42F9-AB2F-A6E49034B31F}.Debug|x64.Build.0 = Debug|x64
		{45C2F564-4DD1-42F9-AB2F-A6E49034B31F}.Debug|x86.ActiveCfg = Debug|Win32
		{45C2F564-4DD1-42F9-AB2F-A6E49034B31F}.Debug|x86.Build.0 = Debug|Win32
		{45C2F564-4DD1-42F9-AB2F-A6E49034B31F}.Release|x64.ActiveCfg = Release|x64
		{45C2F564-4DD1-42F9-AB2F-A6E49034B31F}.Release|x64.Build.0 = Release|x64
		{45C2F564-4DD1-42F9-AB2F-A6E49034B31F}.Release|x86.ActiveCfg = Release|Win32
		{45C2F564-4DD1-42F9-AB2F-A6E49034B31F}.Release|x86.Build.0 = Release|Win32
		{2F1E5312-69BA-4F93-9D26-F9FF387B9ACA}.Debug|x64.ActiveCfg = Debug|x64
		{2F1E5312-69BA-4F93-9D26-F9FF387B9ACA}.Debug|x64.Build.0 = Debug|x64
		{2F1E5312-69BA-4F93-9D26-F9FF387B9ACA}.Debug|x86.ActiveCfg = Debug|Win32
		{2F1E5312-69BA-4F93-9D26-F9FF387B9ACA}.Debug|x86.Build.0 = Debug|Win32
		{2F1E5312-69BA-4F93-9D26-F9FF387B9ACA}.Release|x64.ActiveCfg = Release|x64
		{2F1E5312-69BA-4F93-9D26-F9FF387B9ACA}.Release|x64.Build.0 = Release|x64
		{2F1E5312-69BA-4F93-9D26-F9FF387B9ACA}.Release|x86.ActiveCfg = Release|Win32
		{2F1E5312-69BA-4F93-9D26-F9FF387B9ACA}.Release|x86.Build.0 = Release|Win32
		{78459399-75E2-408D-9BFF-FE61C5AD2FF0}.Debug|x64.ActiveCfg = Debug|x64
		{78459399-75E2-408D-9BFF-FE61C5AD2FF0}.Debug|x64.Build.0 = Debug|x64
		{78459399-75E2-408D-9BFF-FE61C5AD2FF0}.Debug|x86.ActiveCfg = Debug|Win32
		{78459399-75E2-408D-9BFF-FE61C5AD2FF0}.Debug|x86.Build.0 = Debug|Win32
		{78459399-75E2-408D-9BFF-FE61C5AD2FF0}.Release|x64.ActiveCfg = Release|x64
		{78459399-75E2-408D-9BFF-FE61C5AD2FF0}.Release|x64.Build.0 = Release|x64
		{78459399-75E2-408D-9BFF-FE61C5AD2FF0}.Release|x86.ActiveCfg = Release|Win32
		{78459399-75E2-408D-9BFF-FE61C5AD2FF0}.Release|x86.Build.0 = Release|Win32
	EndGlobalSection
	GlobalSection(SolutionProperties) = preSolution
		HideSolutionNode = FALSE
	EndGlobalSection
EndGlobal
